{
  "lockFileVersion": 11,
  "registryFileHashes": {
    "https://bcr.bazel.build/bazel_registry.json": "8a28e4aff06ee60aed2a8c281907fb8bcbf3b753c91fb5a5c57da3215d5b3497",
    "https://bcr.bazel.build/modules/abseil-cpp/20210324.2/MODULE.bazel": "7cd0312e064fde87c8d1cd79ba06c876bd23630c83466e9500321be55c96ace2",
    "https://bcr.bazel.build/modules/abseil-cpp/20211102.0/MODULE.bazel": "70390338f7a5106231d20620712f7cccb659cd0e9d073d1991c038eb9fc57589",
    "https://bcr.bazel.build/modules/abseil-cpp/20220623.1/MODULE.bazel": "73ae41b6818d423a11fd79d95aedef1258f304448193d4db4ff90e5e7a0f076c",
    "https://bcr.bazel.build/modules/abseil-cpp/20230125.1/MODULE.bazel": "89047429cb0207707b2dface14ba7f8df85273d484c2572755be4bab7ce9c3a0",
    "https://bcr.bazel.build/modules/abseil-cpp/20230802.0.bcr.1/MODULE.bazel": "1c8cec495288dccd14fdae6e3f95f772c1c91857047a098fad772034264cc8cb",
    "https://bcr.bazel.build/modules/abseil-cpp/20230802.0/MODULE.bazel": "d253ae36a8bd9ee3c5955384096ccb6baf16a1b1e93e858370da0a3b94f77c16",
    "https://bcr.bazel.build/modules/abseil-cpp/20230802.1/MODULE.bazel": "fa92e2eb41a04df73cdabeec37107316f7e5272650f81d6cc096418fe647b915",
    "https://bcr.bazel.build/modules/abseil-cpp/20230802.1/source.json": "035b6f1911e17340db722bbc9158f830ee6d5dedba4cb3bcb9e25e590808a32c",
    "https://bcr.bazel.build/modules/apple_support/1.5.0/MODULE.bazel": "50341a62efbc483e8a2a6aec30994a58749bd7b885e18dd96aa8c33031e558ef",
    "https://bcr.bazel.build/modules/apple_support/1.5.0/source.json": "eb98a7627c0bc486b57f598ad8da50f6625d974c8f723e9ea71bd39f709c9862",
    "https://bcr.bazel.build/modules/bazel_features/1.11.0/MODULE.bazel": "f9382337dd5a474c3b7d334c2f83e50b6eaedc284253334cf823044a26de03e8",
    "https://bcr.bazel.build/modules/bazel_features/1.17.0/MODULE.bazel": "039de32d21b816b47bd42c778e0454217e9c9caac4a3cf8e15c7231ee3ddee4d",
    "https://bcr.bazel.build/modules/bazel_features/1.17.0/source.json": "4b0f9407970b57adb203bd6c23d6361cbcc8ab3273456ad06ca75675b1648b41",
    "https://bcr.bazel.build/modules/bazel_features/1.4.1/MODULE.bazel": "e45b6bb2350aff3e442ae1111c555e27eac1d915e77775f6fdc4b351b758b5d7",
    "https://bcr.bazel.build/modules/bazel_skylib/1.0.3/MODULE.bazel": "bcb0fd896384802d1ad283b4e4eb4d718eebd8cb820b0a2c3a347fb971afd9d8",
    "https://bcr.bazel.build/modules/bazel_skylib/1.1.1/MODULE.bazel": "1add3e7d93ff2e6998f9e118022c84d163917d912f5afafb3058e3d2f1545b5e",
    "https://bcr.bazel.build/modules/bazel_skylib/1.2.0/MODULE.bazel": "44fe84260e454ed94ad326352a698422dbe372b21a1ac9f3eab76eb531223686",
    "https://bcr.bazel.build/modules/bazel_skylib/1.2.1/MODULE.bazel": "f35baf9da0efe45fa3da1696ae906eea3d615ad41e2e3def4aeb4e8bc0ef9a7a",
    "https://bcr.bazel.build/modules/bazel_skylib/1.3.0/MODULE.bazel": "20228b92868bf5cfc41bda7afc8a8ba2a543201851de39d990ec957b513579c5",
    "https://bcr.bazel.build/modules/bazel_skylib/1.4.1/MODULE.bazel": "a0dcb779424be33100dcae821e9e27e4f2901d9dfd5333efe5ac6a8d7ab75e1d",
    "https://bcr.bazel.build/modules/bazel_skylib/1.5.0/MODULE.bazel": "32880f5e2945ce6a03d1fbd588e9198c0a959bb42297b2cfaf1685b7bc32e138",
    "https://bcr.bazel.build/modules/bazel_skylib/1.6.1/MODULE.bazel": "8fdee2dbaace6c252131c00e1de4b165dc65af02ea278476187765e1a617b917",
    "https://bcr.bazel.build/modules/bazel_skylib/1.7.1/MODULE.bazel": "3120d80c5861aa616222ec015332e5f8d3171e062e3e804a2a0253e1be26e59b",
    "https://bcr.bazel.build/modules/bazel_skylib/1.7.1/source.json": "f121b43eeefc7c29efbd51b83d08631e2347297c95aac9764a701f2a6a2bb953",
    "https://bcr.bazel.build/modules/boringssl/0.0.0-20230215-5c22014/MODULE.bazel": "4b03dc0d04375fa0271174badcd202ed249870c8e895b26664fd7298abea7282",
    "https://bcr.bazel.build/modules/boringssl/0.0.0-20230215-5c22014/source.json": "f90873cd3d891bb63ece55a527d97366da650f84c79c2109bea29c17629bee20",
    "https://bcr.bazel.build/modules/buildozer/7.1.2/MODULE.bazel": "2e8dd40ede9c454042645fd8d8d0cd1527966aa5c919de86661e62953cd73d84",
    "https://bcr.bazel.build/modules/buildozer/7.1.2/source.json": "c9028a501d2db85793a6996205c8de120944f50a0d570438fcae0457a5f9d1f8",
    "https://bcr.bazel.build/modules/c-ares/1.15.0/MODULE.bazel": "ba0a78360fdc83f02f437a9e7df0532ad1fbaa59b722f6e715c11effebaa0166",
    "https://bcr.bazel.build/modules/c-ares/1.15.0/source.json": "5e3ed991616c5ec4cc09b0893b29a19232de4a1830eb78c567121bfea87453f7",
    "https://bcr.bazel.build/modules/gazelle/0.27.0/MODULE.bazel": "3446abd608295de6d90b4a8a118ed64a9ce11dcb3dda2dc3290a22056bd20996",
    "https://bcr.bazel.build/modules/gazelle/0.30.0/MODULE.bazel": "f888a1effe338491f35f0e0e85003b47bb9d8295ccba73c37e07702d8d31c65b",
    "https://bcr.bazel.build/modules/gazelle/0.30.0/source.json": "7af0779f99120aafc73be127615d224f26da2fc5a606b52bdffb221fd9efb737",
    "https://bcr.bazel.build/modules/gflags/2.2.2/MODULE.bazel": "ba6502c3fee189734f359454db8a49b7c08afd7271b32e7c6fc38c2d2e1edbeb",
    "https://bcr.bazel.build/modules/gflags/2.2.2/source.json": "b06d93702e18b5d75a69d53464c37ef5c2a9b4e237a8d4f2bf0217b3b0af2bee",
    "https://bcr.bazel.build/modules/glog/0.6.0/MODULE.bazel": "64078738c906382b2e86a8cd9005085136a1b0b5c697a95376b64ce9dea7712d",
    "https://bcr.bazel.build/modules/glog/0.6.0/source.json": "814d3c5863db520a31973529e9781b076b56501ad5d3c720038f535e6aa8e4ac",
    "https://bcr.bazel.build/modules/google_benchmark/1.8.2/MODULE.bazel": "a70cf1bba851000ba93b58ae2f6d76490a9feb74192e57ab8e8ff13c34ec50cb",
    "https://bcr.bazel.build/modules/googletest/1.11.0/MODULE.bazel": "3a83f095183f66345ca86aa13c58b59f9f94a2f81999c093d4eeaa2d262d12f4",
    "https://bcr.bazel.build/modules/googletest/1.14.0/MODULE.bazel": "cfbcbf3e6eac06ef9d85900f64424708cc08687d1b527f0ef65aa7517af8118f",
    "https://bcr.bazel.build/modules/googletest/1.14.0/source.json": "2478949479000fdd7de9a3d0107ba2c85bb5f961c3ecb1aa448f52549ce310b5",
    "https://bcr.bazel.build/modules/grpc/1.41.0/MODULE.bazel": "5bcbfc2b274dabea628f0649dc50c90cf36543b1cfc31624832538644ad1aae8",
    "https://bcr.bazel.build/modules/grpc/1.48.1.bcr.2/MODULE.bazel": "60e04398a7389fa3993a399515dea1cc4f604ca62e7c4ad61f1eb85e11b2950b",
    "https://bcr.bazel.build/modules/grpc/1.48.1.bcr.2/source.json": "e432c7ff24e97ccd872242ac13cffc122fce120343c968c9f2af9bd3047346f9",
    "https://bcr.bazel.build/modules/jsoncpp/1.9.5/MODULE.bazel": "31271aedc59e815656f5736f282bb7509a97c7ecb43e927ac1a37966e0578075",
    "https://bcr.bazel.build/modules/jsoncpp/1.9.5/source.json": "4108ee5085dd2885a341c7fab149429db457b3169b86eb081fa245eadf69169d",
    "https://bcr.bazel.build/modules/libpfm/4.11.0/MODULE.bazel": "45061ff025b301940f1e30d2c16bea596c25b176c8b6b3087e92615adbd52902",
    "https://bcr.bazel.build/modules/platforms/0.0.10/MODULE.bazel": "8cb8efaf200bdeb2150d93e162c40f388529a25852b332cec879373771e48ed5",
    "https://bcr.bazel.build/modules/platforms/0.0.10/source.json": "f22828ff4cf021a6b577f1bf6341cb9dcd7965092a439f64fc1bb3b7a5ae4bd5",
    "https://bcr.bazel.build/modules/platforms/0.0.4/MODULE.bazel": "9b328e31ee156f53f3c416a64f8491f7eb731742655a47c9eec4703a71644aee",
    "https://bcr.bazel.build/modules/platforms/0.0.5/MODULE.bazel": "5733b54ea419d5eaf7997054bb55f6a1d0b5ff8aedf0176fef9eea44f3acda37",
    "https://bcr.bazel.build/modules/platforms/0.0.6/MODULE.bazel": "ad6eeef431dc52aefd2d77ed20a4b353f8ebf0f4ecdd26a807d2da5aa8cd0615",
    "https://bcr.bazel.build/modules/platforms/0.0.7/MODULE.bazel": "72fd4a0ede9ee5c021f6a8dd92b503e089f46c227ba2813ff183b71616034814",
    "https://bcr.bazel.build/modules/platforms/0.0.8/MODULE.bazel": "9f142c03e348f6d263719f5074b21ef3adf0b139ee4c5133e2aa35664da9eb2d",
    "https://bcr.bazel.build/modules/platforms/0.0.9/MODULE.bazel": "4a87a60c927b56ddd67db50c89acaa62f4ce2a1d2149ccb63ffd871d5ce29ebc",
    "https://bcr.bazel.build/modules/protobuf/21.7/MODULE.bazel": "a5a29bb89544f9b97edce05642fac225a808b5b7be74038ea3640fae2f8e66a7",
    "https://bcr.bazel.build/modules/protobuf/27.3/MODULE.bazel": "d94898cbf9d6d25c0edca2521211413506b68a109a6b01776832ed25154d23d7",
    "https://bcr.bazel.build/modules/protobuf/27.3/source.json": "d6fdc641a99c600df6eb0fa5b99879ca497dbcf6fd1287372576a83f82dd93b6",
    "https://bcr.bazel.build/modules/protobuf/3.19.0/MODULE.bazel": "6b5fbb433f760a99a22b18b6850ed5784ef0e9928a72668b66e4d7ccd47db9b0",
    "https://bcr.bazel.build/modules/protobuf/3.19.2/MODULE.bazel": "532ffe5f2186b69fdde039efe6df13ba726ff338c6bc82275ad433013fa10573",
    "https://bcr.bazel.build/modules/protobuf/3.19.6/MODULE.bazel": "9233edc5e1f2ee276a60de3eaa47ac4132302ef9643238f23128fea53ea12858",
    "https://bcr.bazel.build/modules/re2/2021-09-01/MODULE.bazel": "bcb6b96f3b071e6fe2d8bed9cc8ada137a105f9d2c5912e91d27528b3d123833",
    "https://bcr.bazel.build/modules/re2/2021-09-01/source.json": "cc2a0461b85c7634b7d38f8890e38600cd0cca4be7350096450b7cf174493261",
    "https://bcr.bazel.build/modules/rules_android/0.1.1/MODULE.bazel": "48809ab0091b07ad0182defb787c4c5328bd3a278938415c00a7b69b50c4d3a8",
    "https://bcr.bazel.build/modules/rules_android/0.1.1/source.json": "e6986b41626ee10bdc864937ffb6d6bf275bb5b9c65120e6137d56e6331f089e",
    "https://bcr.bazel.build/modules/rules_cc/0.0.1/MODULE.bazel": "cb2aa0747f84c6c3a78dad4e2049c154f08ab9d166b1273835a8174940365647",
    "https://bcr.bazel.build/modules/rules_cc/0.0.2/MODULE.bazel": "6915987c90970493ab97393024c156ea8fb9f3bea953b2f3ec05c34f19b5695c",
    "https://bcr.bazel.build/modules/rules_cc/0.0.5/MODULE.bazel": "be41f87587998fe8890cd82ea4e848ed8eb799e053c224f78f3ff7fe1a1d9b74",
    "https://bcr.bazel.build/modules/rules_cc/0.0.6/MODULE.bazel": "abf360251023dfe3efcef65ab9d56beefa8394d4176dd29529750e1c57eaa33f",
    "https://bcr.bazel.build/modules/rules_cc/0.0.8/MODULE.bazel": "964c85c82cfeb6f3855e6a07054fdb159aced38e99a5eecf7bce9d53990afa3e",
    "https://bcr.bazel.build/modules/rules_cc/0.0.9/MODULE.bazel": "836e76439f354b89afe6a911a7adf59a6b2518fafb174483ad78a2a2fde7b1c5",
    "https://bcr.bazel.build/modules/rules_cc/0.0.9/source.json": "1f1ba6fea244b616de4a554a0f4983c91a9301640c8fe0dd1d410254115c8430",
    "https://bcr.bazel.build/modules/rules_foreign_cc/0.9.0/MODULE.bazel": "c9e8c682bf75b0e7c704166d79b599f93b72cfca5ad7477df596947891feeef6",
    "https://bcr.bazel.build/modules/rules_go/0.33.0/MODULE.bazel": "a2b11b64cd24bf94f57454f53288a5dacfe6cb86453eee7761b7637728c1910c",
    "https://bcr.bazel.build/modules/rules_go/0.38.1/MODULE.bazel": "fb8e73dd3b6fc4ff9d260ceacd830114891d49904f5bda1c16bc147bcc254f71",
    "https://bcr.bazel.build/modules/rules_go/0.39.1/MODULE.bazel": "d34fb2a249403a5f4339c754f1e63dc9e5ad70b47c5e97faee1441fc6636cd61",
    "https://bcr.bazel.build/modules/rules_go/0.39.1/source.json": "f21e042154010ae2c944ab230d572b17d71cdb27c5255806d61df6ccaed4354c",
    "https://bcr.bazel.build/modules/rules_java/4.0.0/MODULE.bazel": "5a78a7ae82cd1a33cef56dc578c7d2a46ed0dca12643ee45edbb8417899e6f74",
    "https://bcr.bazel.build/modules/rules_java/5.1.0/MODULE.bazel": "324b6478b0343a3ce7a9add8586ad75d24076d6d43d2f622990b9c1cfd8a1b15",
    "https://bcr.bazel.build/modules/rules_java/5.3.5/MODULE.bazel": "a4ec4f2db570171e3e5eb753276ee4b389bae16b96207e9d3230895c99644b86",
    "https://bcr.bazel.build/modules/rules_java/7.11.1/MODULE.bazel": "b4782e019dd0b0151bd49fd8929136fd4441f527eb208fbd991b77e480b7236e",
    "https://bcr.bazel.build/modules/rules_java/7.11.1/source.json": "94b8c8bc691357f1f0bf630f09010d734d081caea8c82d5457e56ee4659101a1",
    "https://bcr.bazel.build/modules/rules_java/7.2.0/MODULE.bazel": "06c0334c9be61e6cef2c8c84a7800cef502063269a5af25ceb100b192453d4ab",
    "https://bcr.bazel.build/modules/rules_java/7.6.5/MODULE.bazel": "481164be5e02e4cab6e77a36927683263be56b7e36fef918b458d7a8a1ebadb1",
    "https://bcr.bazel.build/modules/rules_jvm_external/4.4.2/MODULE.bazel": "a56b85e418c83eb1839819f0b515c431010160383306d13ec21959ac412d2fe7",
    "https://bcr.bazel.build/modules/rules_jvm_external/5.1/MODULE.bazel": "33f6f999e03183f7d088c9be518a63467dfd0be94a11d0055fe2d210f89aa909",
    "https://bcr.bazel.build/modules/rules_jvm_external/5.3/MODULE.bazel": "bf93870767689637164657731849fb887ad086739bd5d360d90007a581d5527d",
    "https://bcr.bazel.build/modules/rules_jvm_external/6.4/MODULE.bazel": "e859f460f0fcebbee0af2ac65a38c952eedb60612956395ba414fdf78babae2f",
    "https://bcr.bazel.build/modules/rules_jvm_external/6.4/source.json": "752c79441c87f8945b1aeddbde2864661e2ca594c82700b8c2d4550d080070d9",
    "https://bcr.bazel.build/modules/rules_kotlin/1.9.6/MODULE.bazel": "d269a01a18ee74d0335450b10f62c9ed81f2321d7958a2934e44272fe82dcef3",
    "https://bcr.bazel.build/modules/rules_kotlin/1.9.6/source.json": "2faa4794364282db7c06600b7e5e34867a564ae91bda7cae7c29c64e9466b7d5",
    "https://bcr.bazel.build/modules/rules_license/0.0.3/MODULE.bazel": "627e9ab0247f7d1e05736b59dbb1b6871373de5ad31c3011880b4133cafd4bd0",
    "https://bcr.bazel.build/modules/rules_license/0.0.7/MODULE.bazel": "088fbeb0b6a419005b89cf93fe62d9517c0a2b8bb56af3244af65ecfe37e7d5d",
    "https://bcr.bazel.build/modules/rules_license/1.0.0/MODULE.bazel": "a7fda60eefdf3d8c827262ba499957e4df06f659330bbe6cdbdb975b768bb65c",
    "https://bcr.bazel.build/modules/rules_license/1.0.0/source.json": "a52c89e54cc311196e478f8382df91c15f7a2bfdf4c6cd0e2675cc2ff0b56efb",
    "https://bcr.bazel.build/modules/rules_pkg/0.7.0/MODULE.bazel": "df99f03fc7934a4737122518bb87e667e62d780b610910f0447665a7e2be62dc",
    "https://bcr.bazel.build/modules/rules_pkg/0.7.0/source.json": "c2557066e0c0342223ba592510ad3d812d4963b9024831f7f66fd0584dd8c66c",
    "https://bcr.bazel.build/modules/rules_proto/4.0.0/MODULE.bazel": "a7a7b6ce9bee418c1a760b3d84f83a299ad6952f9903c67f19e4edd964894e06",
    "https://bcr.bazel.build/modules/rules_proto/5.3.0-21.7/MODULE.bazel": "e8dff86b0971688790ae75528fe1813f71809b5afd57facb44dad9e8eca631b7",
    "https://bcr.bazel.build/modules/rules_proto/6.0.2/MODULE.bazel": "ce916b775a62b90b61888052a416ccdda405212b6aaeb39522f7dc53431a5e73",
    "https://bcr.bazel.build/modules/rules_proto/6.0.2/source.json": "17a2e195f56cb28d6bbf763e49973d13890487c6945311ed141e196fb660426d",
    "https://bcr.bazel.build/modules/rules_python/0.10.2/MODULE.bazel": "cc82bc96f2997baa545ab3ce73f196d040ffb8756fd2d66125a530031cd90e5f",
    "https://bcr.bazel.build/modules/rules_python/0.22.1/MODULE.bazel": "26114f0c0b5e93018c0c066d6673f1a2c3737c7e90af95eff30cfee38d0bbac7",
    "https://bcr.bazel.build/modules/rules_python/0.23.1/MODULE.bazel": "49ffccf0511cb8414de28321f5fcf2a31312b47c40cc21577144b7447f2bf300",
    "https://bcr.bazel.build/modules/rules_python/0.23.1/source.json": "a6d9965700e3bd75df4e19140c0e651851bb720d8b9eb280ecd1ee44b92d7646",
    "https://bcr.bazel.build/modules/rules_python/0.4.0/MODULE.bazel": "9208ee05fd48bf09ac60ed269791cf17fb343db56c8226a720fbb1cdf467166c",
    "https://bcr.bazel.build/modules/stardoc/0.5.1/MODULE.bazel": "1a05d92974d0c122f5ccf09291442580317cdd859f07a8655f1db9a60374f9f8",
    "https://bcr.bazel.build/modules/stardoc/0.5.3/MODULE.bazel": "c7f6948dae6999bf0db32c1858ae345f112cacf98f174c7a8bb707e41b974f1c",
    "https://bcr.bazel.build/modules/upb/0.0.0-20211020-160625a/MODULE.bazel": "6cced416be2dc5b9c05efd5b997049ba795e5e4e6fafbe1624f4587767638928",
    "https://bcr.bazel.build/modules/upb/0.0.0-20220602-e5f2601/MODULE.bazel": "84a1b5fc76719c2841759d150637cca2fdc19abccc680d6d02614def044379de",
    "https://bcr.bazel.build/modules/upb/0.0.0-20220923-a547704/MODULE.bazel": "7298990c00040a0e2f121f6c32544bab27d4452f80d9ce51349b1a28f3005c43",
    "https://bcr.bazel.build/modules/upb/0.0.0-20220923-a547704/source.json": "f1ef7d3f9e0e26d4b23d1c39b5f5de71f584dd7d1b4ef83d9bbba6ec7a6a6459",
    "https://bcr.bazel.build/modules/zlib/1.2.11/MODULE.bazel": "07b389abc85fdbca459b69e2ec656ae5622873af3f845e1c9d80fe179f3effa0",
    "https://bcr.bazel.build/modules/zlib/1.2.12/MODULE.bazel": "3b1a8834ada2a883674be8cbd36ede1b6ec481477ada359cd2d3ddc562340b27",
    "https://bcr.bazel.build/modules/zlib/1.2.13/MODULE.bazel": "aa6deb1b83c18ffecd940c4119aff9567cd0a671d7bba756741cb2ef043a29d5",
    "https://bcr.bazel.build/modules/zlib/1.3.1.bcr.3/MODULE.bazel": "af322bc08976524477c79d1e45e241b6efbeb918c497e8840b8ab116802dda79",
    "https://bcr.bazel.build/modules/zlib/1.3.1.bcr.3/source.json": "2be409ac3c7601245958cd4fcdff4288be79ed23bd690b4b951f500d54ee6e7d",
    "https://raw.githubusercontent.com/world-federation-of-advertisers/bazel-registry/main/bazel_registry.json": "722f186218945df57898ef6431105b0100eaeb456422246bd0c8cad3b9314ce7",
    "https://raw.githubusercontent.com/world-federation-of-advertisers/bazel-registry/main/modules/abseil-cpp/20210324.2/MODULE.bazel": "not found",
    "https://raw.githubusercontent.com/world-federation-of-advertisers/bazel-registry/main/modules/abseil-cpp/20211102.0/MODULE.bazel": "not found",
    "https://raw.githubusercontent.com/world-federation-of-advertisers/bazel-registry/main/modules/abseil-cpp/20220623.1/MODULE.bazel": "not found",
    "https://raw.githubusercontent.com/world-federation-of-advertisers/bazel-registry/main/modules/abseil-cpp/20230125.1/MODULE.bazel": "not found",
    "https://raw.githubusercontent.com/world-federation-of-advertisers/bazel-registry/main/modules/abseil-cpp/20230802.0.bcr.1/MODULE.bazel": "not found",
    "https://raw.githubusercontent.com/world-federation-of-advertisers/bazel-registry/main/modules/abseil-cpp/20230802.0/MODULE.bazel": "not found",
    "https://raw.githubusercontent.com/world-federation-of-advertisers/bazel-registry/main/modules/abseil-cpp/20230802.1/MODULE.bazel": "not found",
    "https://raw.githubusercontent.com/world-federation-of-advertisers/bazel-registry/main/modules/any-sketch-java/0.7.0/MODULE.bazel": "9cb47f80eeb2abd36cd34fca6b2cdc2fed41924963fdf18625fddc6f8649dcd6",
    "https://raw.githubusercontent.com/world-federation-of-advertisers/bazel-registry/main/modules/any-sketch-java/0.7.0/source.json": "e1938b9bc165c7bdb72069e3fca00d4dfa890632fbe20abf210b0c8016aa8b30",
    "https://raw.githubusercontent.com/world-federation-of-advertisers/bazel-registry/main/modules/any-sketch/0.8.1/MODULE.bazel": "0436018fd11f68655d6ee2f78044daeb7af4eec8649ae9a57904ed3fafe4ac38",
    "https://raw.githubusercontent.com/world-federation-of-advertisers/bazel-registry/main/modules/any-sketch/0.9.1/MODULE.bazel": "a987f9dae0190ac1a266a3492c2f3680a9b2df0682d08398eb017723cda286e4",
    "https://raw.githubusercontent.com/world-federation-of-advertisers/bazel-registry/main/modules/any-sketch/0.9.1/source.json": "a8791d58ca87f723c83405c7956e1eea0f1a43b2c89bc9dda53b381f91bc6fdc",
    "https://raw.githubusercontent.com/world-federation-of-advertisers/bazel-registry/main/modules/apple_support/1.5.0/MODULE.bazel": "not found",
    "https://raw.githubusercontent.com/world-federation-of-advertisers/bazel-registry/main/modules/bazel_features/1.11.0/MODULE.bazel": "not found",
    "https://raw.githubusercontent.com/world-federation-of-advertisers/bazel-registry/main/modules/bazel_features/1.17.0/MODULE.bazel": "not found",
    "https://raw.githubusercontent.com/world-federation-of-advertisers/bazel-registry/main/modules/bazel_features/1.4.1/MODULE.bazel": "not found",
    "https://raw.githubusercontent.com/world-federation-of-advertisers/bazel-registry/main/modules/bazel_skylib/1.0.3/MODULE.bazel": "not found",
    "https://raw.githubusercontent.com/world-federation-of-advertisers/bazel-registry/main/modules/bazel_skylib/1.1.1/MODULE.bazel": "not found",
    "https://raw.githubusercontent.com/world-federation-of-advertisers/bazel-registry/main/modules/bazel_skylib/1.2.0/MODULE.bazel": "not found",
    "https://raw.githubusercontent.com/world-federation-of-advertisers/bazel-registry/main/modules/bazel_skylib/1.2.1/MODULE.bazel": "not found",
    "https://raw.githubusercontent.com/world-federation-of-advertisers/bazel-registry/main/modules/bazel_skylib/1.3.0/MODULE.bazel": "not found",
    "https://raw.githubusercontent.com/world-federation-of-advertisers/bazel-registry/main/modules/bazel_skylib/1.4.1/MODULE.bazel": "not found",
    "https://raw.githubusercontent.com/world-federation-of-advertisers/bazel-registry/main/modules/bazel_skylib/1.5.0/MODULE.bazel": "not found",
    "https://raw.githubusercontent.com/world-federation-of-advertisers/bazel-registry/main/modules/bazel_skylib/1.6.1/MODULE.bazel": "not found",
    "https://raw.githubusercontent.com/world-federation-of-advertisers/bazel-registry/main/modules/bazel_skylib/1.7.1/MODULE.bazel": "not found",
    "https://raw.githubusercontent.com/world-federation-of-advertisers/bazel-registry/main/modules/boringssl/0.0.0-20230215-5c22014/MODULE.bazel": "not found",
    "https://raw.githubusercontent.com/world-federation-of-advertisers/bazel-registry/main/modules/buildozer/7.1.2/MODULE.bazel": "not found",
    "https://raw.githubusercontent.com/world-federation-of-advertisers/bazel-registry/main/modules/c-ares/1.15.0/MODULE.bazel": "not found",
    "https://raw.githubusercontent.com/world-federation-of-advertisers/bazel-registry/main/modules/common-cpp/0.11.0/MODULE.bazel": "22f7e06ac78cd614d2143fcd0e7028eb595d9902dbfa94f777531439c616f13f",
    "https://raw.githubusercontent.com/world-federation-of-advertisers/bazel-registry/main/modules/common-cpp/0.11.0/source.json": "aa42befca34f27038f5c685f6dcb92a7cde14c19c0318add3e362002c9cdec07",
    "https://raw.githubusercontent.com/world-federation-of-advertisers/bazel-registry/main/modules/cross-media-measurement-api/0.70.0/MODULE.bazel": "c385f4377bf437402565d489cd672e2a451ebdea848f64cbf552676d37090d8c",
    "https://raw.githubusercontent.com/world-federation-of-advertisers/bazel-registry/main/modules/cross-media-measurement-api/0.70.0/source.json": "a9a63f06cee8f0352c8dca8f3f06a6c503c4a60e4cdcd1eb737e1ba4a35b737b",
    "https://raw.githubusercontent.com/world-federation-of-advertisers/bazel-registry/main/modules/gazelle/0.27.0/MODULE.bazel": "not found",
    "https://raw.githubusercontent.com/world-federation-of-advertisers/bazel-registry/main/modules/gazelle/0.30.0/MODULE.bazel": "not found",
    "https://raw.githubusercontent.com/world-federation-of-advertisers/bazel-registry/main/modules/gflags/2.2.2/MODULE.bazel": "not found",
    "https://raw.githubusercontent.com/world-federation-of-advertisers/bazel-registry/main/modules/glog/0.6.0/MODULE.bazel": "not found",
    "https://raw.githubusercontent.com/world-federation-of-advertisers/bazel-registry/main/modules/google_benchmark/1.8.2/MODULE.bazel": "not found",
    "https://raw.githubusercontent.com/world-federation-of-advertisers/bazel-registry/main/modules/googleapis/0.0.0-bzlmod.1/MODULE.bazel": "70e5569c0dff1cd32afa1a5fee0a70cfa01d99b221e9a6c31f7f917252c76fb0",
    "https://raw.githubusercontent.com/world-federation-of-advertisers/bazel-registry/main/modules/googleapis/0.0.0-bzlmod.1/source.json": "9613485e0f8a83fbceaebd3573238a03072f584209371458a03de0cca6b2d3b6",
    "https://raw.githubusercontent.com/world-federation-of-advertisers/bazel-registry/main/modules/googletest/1.11.0/MODULE.bazel": "not found",
    "https://raw.githubusercontent.com/world-federation-of-advertisers/bazel-registry/main/modules/googletest/1.14.0/MODULE.bazel": "not found",
    "https://raw.githubusercontent.com/world-federation-of-advertisers/bazel-registry/main/modules/grpc/1.41.0/MODULE.bazel": "not found",
    "https://raw.githubusercontent.com/world-federation-of-advertisers/bazel-registry/main/modules/grpc/1.48.1.bcr.2/MODULE.bazel": "not found",
    "https://raw.githubusercontent.com/world-federation-of-advertisers/bazel-registry/main/modules/jsoncpp/1.9.5/MODULE.bazel": "not found",
    "https://raw.githubusercontent.com/world-federation-of-advertisers/bazel-registry/main/modules/libpfm/4.11.0/MODULE.bazel": "not found",
    "https://raw.githubusercontent.com/world-federation-of-advertisers/bazel-registry/main/modules/platforms/0.0.10/MODULE.bazel": "not found",
    "https://raw.githubusercontent.com/world-federation-of-advertisers/bazel-registry/main/modules/platforms/0.0.4/MODULE.bazel": "not found",
    "https://raw.githubusercontent.com/world-federation-of-advertisers/bazel-registry/main/modules/platforms/0.0.5/MODULE.bazel": "not found",
    "https://raw.githubusercontent.com/world-federation-of-advertisers/bazel-registry/main/modules/platforms/0.0.6/MODULE.bazel": "not found",
    "https://raw.githubusercontent.com/world-federation-of-advertisers/bazel-registry/main/modules/platforms/0.0.7/MODULE.bazel": "not found",
    "https://raw.githubusercontent.com/world-federation-of-advertisers/bazel-registry/main/modules/platforms/0.0.8/MODULE.bazel": "not found",
    "https://raw.githubusercontent.com/world-federation-of-advertisers/bazel-registry/main/modules/platforms/0.0.9/MODULE.bazel": "not found",
    "https://raw.githubusercontent.com/world-federation-of-advertisers/bazel-registry/main/modules/private-join-and-compute/0.0.0-20230417-e028e59/MODULE.bazel": "a0c6b5d3a63b18b9e9f7adda3bebbdf336a78597510b2693059ca3b5b79d89f1",
    "https://raw.githubusercontent.com/world-federation-of-advertisers/bazel-registry/main/modules/private-join-and-compute/0.0.0-20230417-e028e59/source.json": "43051b4aaa1cd9a2b1c8d71f1bd266169759bad248cd7b2de683e64924abc173",
    "https://raw.githubusercontent.com/world-federation-of-advertisers/bazel-registry/main/modules/protobuf/21.7/MODULE.bazel": "not found",
    "https://raw.githubusercontent.com/world-federation-of-advertisers/bazel-registry/main/modules/protobuf/27.3/MODULE.bazel": "not found",
    "https://raw.githubusercontent.com/world-federation-of-advertisers/bazel-registry/main/modules/protobuf/3.19.0/MODULE.bazel": "not found",
    "https://raw.githubusercontent.com/world-federation-of-advertisers/bazel-registry/main/modules/protobuf/3.19.2/MODULE.bazel": "not found",
    "https://raw.githubusercontent.com/world-federation-of-advertisers/bazel-registry/main/modules/protobuf/3.19.6/MODULE.bazel": "not found",
    "https://raw.githubusercontent.com/world-federation-of-advertisers/bazel-registry/main/modules/re2/2021-09-01/MODULE.bazel": "not found",
    "https://raw.githubusercontent.com/world-federation-of-advertisers/bazel-registry/main/modules/rules_android/0.1.1/MODULE.bazel": "not found",
    "https://raw.githubusercontent.com/world-federation-of-advertisers/bazel-registry/main/modules/rules_cc/0.0.1/MODULE.bazel": "not found",
    "https://raw.githubusercontent.com/world-federation-of-advertisers/bazel-registry/main/modules/rules_cc/0.0.2/MODULE.bazel": "not found",
    "https://raw.githubusercontent.com/world-federation-of-advertisers/bazel-registry/main/modules/rules_cc/0.0.5/MODULE.bazel": "not found",
    "https://raw.githubusercontent.com/world-federation-of-advertisers/bazel-registry/main/modules/rules_cc/0.0.6/MODULE.bazel": "not found",
    "https://raw.githubusercontent.com/world-federation-of-advertisers/bazel-registry/main/modules/rules_cc/0.0.8/MODULE.bazel": "not found",
    "https://raw.githubusercontent.com/world-federation-of-advertisers/bazel-registry/main/modules/rules_cc/0.0.9/MODULE.bazel": "not found",
    "https://raw.githubusercontent.com/world-federation-of-advertisers/bazel-registry/main/modules/rules_foreign_cc/0.9.0/MODULE.bazel": "not found",
    "https://raw.githubusercontent.com/world-federation-of-advertisers/bazel-registry/main/modules/rules_go/0.33.0/MODULE.bazel": "not found",
    "https://raw.githubusercontent.com/world-federation-of-advertisers/bazel-registry/main/modules/rules_go/0.38.1/MODULE.bazel": "not found",
    "https://raw.githubusercontent.com/world-federation-of-advertisers/bazel-registry/main/modules/rules_go/0.39.1/MODULE.bazel": "not found",
    "https://raw.githubusercontent.com/world-federation-of-advertisers/bazel-registry/main/modules/rules_java/4.0.0/MODULE.bazel": "not found",
    "https://raw.githubusercontent.com/world-federation-of-advertisers/bazel-registry/main/modules/rules_java/5.1.0/MODULE.bazel": "not found",
    "https://raw.githubusercontent.com/world-federation-of-advertisers/bazel-registry/main/modules/rules_java/5.3.5/MODULE.bazel": "not found",
    "https://raw.githubusercontent.com/world-federation-of-advertisers/bazel-registry/main/modules/rules_java/7.11.1/MODULE.bazel": "not found",
    "https://raw.githubusercontent.com/world-federation-of-advertisers/bazel-registry/main/modules/rules_java/7.2.0/MODULE.bazel": "not found",
    "https://raw.githubusercontent.com/world-federation-of-advertisers/bazel-registry/main/modules/rules_java/7.6.5/MODULE.bazel": "not found",
    "https://raw.githubusercontent.com/world-federation-of-advertisers/bazel-registry/main/modules/rules_jvm_external/4.4.2/MODULE.bazel": "not found",
    "https://raw.githubusercontent.com/world-federation-of-advertisers/bazel-registry/main/modules/rules_jvm_external/5.1/MODULE.bazel": "not found",
    "https://raw.githubusercontent.com/world-federation-of-advertisers/bazel-registry/main/modules/rules_jvm_external/5.3/MODULE.bazel": "not found",
    "https://raw.githubusercontent.com/world-federation-of-advertisers/bazel-registry/main/modules/rules_jvm_external/6.4/MODULE.bazel": "not found",
    "https://raw.githubusercontent.com/world-federation-of-advertisers/bazel-registry/main/modules/rules_kotlin/1.9.6/MODULE.bazel": "not found",
    "https://raw.githubusercontent.com/world-federation-of-advertisers/bazel-registry/main/modules/rules_kotlin_jvm/0.4.0/MODULE.bazel": "081fda6bc8e893eadc449692c9b44b5584d6d1146d2850f5ae94bbeb27436729",
    "https://raw.githubusercontent.com/world-federation-of-advertisers/bazel-registry/main/modules/rules_kotlin_jvm/0.4.0/source.json": "575d1f36c8a8760d6b3a7efdb47ef3ac97c6e3acc58afe826c930b658e5e59c3",
    "https://raw.githubusercontent.com/world-federation-of-advertisers/bazel-registry/main/modules/rules_license/0.0.3/MODULE.bazel": "not found",
    "https://raw.githubusercontent.com/world-federation-of-advertisers/bazel-registry/main/modules/rules_license/0.0.7/MODULE.bazel": "not found",
    "https://raw.githubusercontent.com/world-federation-of-advertisers/bazel-registry/main/modules/rules_license/1.0.0/MODULE.bazel": "not found",
    "https://raw.githubusercontent.com/world-federation-of-advertisers/bazel-registry/main/modules/rules_pkg/0.7.0/MODULE.bazel": "not found",
    "https://raw.githubusercontent.com/world-federation-of-advertisers/bazel-registry/main/modules/rules_proto/4.0.0/MODULE.bazel": "not found",
    "https://raw.githubusercontent.com/world-federation-of-advertisers/bazel-registry/main/modules/rules_proto/5.3.0-21.7/MODULE.bazel": "not found",
    "https://raw.githubusercontent.com/world-federation-of-advertisers/bazel-registry/main/modules/rules_proto/6.0.2/MODULE.bazel": "not found",
    "https://raw.githubusercontent.com/world-federation-of-advertisers/bazel-registry/main/modules/rules_python/0.10.2/MODULE.bazel": "not found",
    "https://raw.githubusercontent.com/world-federation-of-advertisers/bazel-registry/main/modules/rules_python/0.22.1/MODULE.bazel": "not found",
    "https://raw.githubusercontent.com/world-federation-of-advertisers/bazel-registry/main/modules/rules_python/0.23.1/MODULE.bazel": "not found",
    "https://raw.githubusercontent.com/world-federation-of-advertisers/bazel-registry/main/modules/rules_python/0.4.0/MODULE.bazel": "not found",
    "https://raw.githubusercontent.com/world-federation-of-advertisers/bazel-registry/main/modules/rules_swig/0.1.0/MODULE.bazel": "ec5d43d0d18a625a8b46bb6a865343632c1fdf191ede0aad0818fc63345a9427",
    "https://raw.githubusercontent.com/world-federation-of-advertisers/bazel-registry/main/modules/rules_swig/0.1.0/source.json": "ea23f7dc7ffa3fc50a5150e38ebfc77e293e704d233bc2106f8a8b1fdd26759d",
    "https://raw.githubusercontent.com/world-federation-of-advertisers/bazel-registry/main/modules/stardoc/0.5.1/MODULE.bazel": "not found",
    "https://raw.githubusercontent.com/world-federation-of-advertisers/bazel-registry/main/modules/stardoc/0.5.3/MODULE.bazel": "not found",
    "https://raw.githubusercontent.com/world-federation-of-advertisers/bazel-registry/main/modules/upb/0.0.0-20211020-160625a/MODULE.bazel": "not found",
    "https://raw.githubusercontent.com/world-federation-of-advertisers/bazel-registry/main/modules/upb/0.0.0-20220602-e5f2601/MODULE.bazel": "not found",
    "https://raw.githubusercontent.com/world-federation-of-advertisers/bazel-registry/main/modules/upb/0.0.0-20220923-a547704/MODULE.bazel": "not found",
    "https://raw.githubusercontent.com/world-federation-of-advertisers/bazel-registry/main/modules/zlib/1.2.11/MODULE.bazel": "not found",
    "https://raw.githubusercontent.com/world-federation-of-advertisers/bazel-registry/main/modules/zlib/1.2.12/MODULE.bazel": "not found",
    "https://raw.githubusercontent.com/world-federation-of-advertisers/bazel-registry/main/modules/zlib/1.2.13/MODULE.bazel": "not found",
    "https://raw.githubusercontent.com/world-federation-of-advertisers/bazel-registry/main/modules/zlib/1.3.1.bcr.3/MODULE.bazel": "not found"
  },
  "selectedYankedVersions": {},
  "moduleExtensions": {
    "@@apple_support~//crosstool:setup.bzl%apple_cc_configure_extension": {
      "general": {
        "bzlTransitiveDigest": "PjIds3feoYE8SGbbIq2SFTZy3zmxeO2tQevJZNDo7iY=",
        "usagesDigest": "aLmqbvowmHkkBPve05yyDNGN7oh7QE9kBADr3QIZTZs=",
        "recordedFileInputs": {},
        "recordedDirentsInputs": {},
        "envVariables": {},
        "generatedRepoSpecs": {
          "local_config_apple_cc": {
            "bzlFile": "@@apple_support~//crosstool:setup.bzl",
            "ruleClassName": "_apple_cc_autoconf",
            "attributes": {}
          },
          "local_config_apple_cc_toolchains": {
            "bzlFile": "@@apple_support~//crosstool:setup.bzl",
            "ruleClassName": "_apple_cc_autoconf_toolchains",
            "attributes": {}
          }
        },
        "recordedRepoMappingEntries": [
          [
            "apple_support~",
            "bazel_tools",
            "bazel_tools"
          ]
        ]
      }
    },
    "@@platforms//host:extension.bzl%host_platform": {
      "general": {
        "bzlTransitiveDigest": "xelQcPZH8+tmuOHVjL9vDxMnnQNMlwj0SlvgoqBkm4U=",
        "usagesDigest": "V1R2Y2oMxKNfx2WCWpSCaUV1WefW1o8HZGm3v1vHgY4=",
        "recordedFileInputs": {},
        "recordedDirentsInputs": {},
        "envVariables": {},
        "generatedRepoSpecs": {
          "host_platform": {
            "bzlFile": "@@platforms//host:extension.bzl",
            "ruleClassName": "host_platform_repo",
            "attributes": {}
          }
        },
        "recordedRepoMappingEntries": []
      }
    },
    "@@rules_go~//go:extensions.bzl%go_sdk": {
      "general": {
        "bzlTransitiveDigest": "obps9i5YfjAXyjEh/+gfXpZMEP3YOLx+PtumJeeJNo0=",
        "usagesDigest": "ofRjJtvD11oKY99HMhrv1wKNQNLh9wT+dNirGyPuXJQ=",
        "recordedFileInputs": {},
        "recordedDirentsInputs": {},
        "envVariables": {},
        "generatedRepoSpecs": {
          "go_default_sdk": {
            "bzlFile": "@@rules_go~//go/private:sdk.bzl",
            "ruleClassName": "go_download_sdk_rule",
            "attributes": {
              "goos": "",
              "goarch": "",
              "sdks": {},
              "urls": [
                "https://dl.google.com/go/{}"
              ],
              "version": "1.19.8"
            }
          },
          "go_toolchains": {
            "bzlFile": "@@rules_go~//go/private:sdk.bzl",
            "ruleClassName": "go_multiple_toolchains",
            "attributes": {
              "prefixes": [
                "_0000_go_default_sdk_"
              ],
              "geese": [
                ""
              ],
              "goarchs": [
                ""
              ],
              "sdk_repos": [
                "go_default_sdk"
              ],
              "sdk_types": [
                "remote"
              ],
              "sdk_versions": [
                "1.19.8"
              ]
            }
          }
        },
        "recordedRepoMappingEntries": [
          [
            "rules_go~",
            "bazel_tools",
            "bazel_tools"
          ]
        ]
      }
    },
    "@@rules_kotlin~//src/main/starlark/core/repositories:bzlmod_setup.bzl%rules_kotlin_extensions": {
      "general": {
        "bzlTransitiveDigest": "l//eFZVgEUHSUfuQ1zQw9uxmcJku8ikraA2fv/2Pyh0=",
        "usagesDigest": "NXmdQOmIAdsAdtLv3dhkX8UQ+0st9iQ0EkR28lUNdHc=",
        "recordedFileInputs": {},
        "recordedDirentsInputs": {},
        "envVariables": {},
        "generatedRepoSpecs": {
          "rules_android": {
            "bzlFile": "@@bazel_tools//tools/build_defs/repo:http.bzl",
            "ruleClassName": "http_archive",
            "attributes": {
              "sha256": "cd06d15dd8bb59926e4d65f9003bfc20f9da4b2519985c27e190cddc8b7a7806",
              "strip_prefix": "rules_android-0.1.1",
              "urls": [
                "https://github.com/bazelbuild/rules_android/archive/v0.1.1.zip"
              ]
            }
          },
          "com_github_pinterest_ktlint": {
            "bzlFile": "@@bazel_tools//tools/build_defs/repo:http.bzl",
            "ruleClassName": "http_file",
            "attributes": {
              "sha256": "01b2e0ef893383a50dbeb13970fe7fa3be36ca3e83259e01649945b09d736985",
              "urls": [
                "https://github.com/pinterest/ktlint/releases/download/1.3.0/ktlint"
              ],
              "executable": true
            }
          },
          "com_github_jetbrains_kotlin": {
            "bzlFile": "@@rules_kotlin~//src/main/starlark/core/repositories:compiler.bzl",
            "ruleClassName": "kotlin_capabilities_repository",
            "attributes": {
              "git_repository_name": "com_github_jetbrains_kotlin_git",
              "compiler_version": "1.9.23"
            }
          },
          "com_github_jetbrains_kotlin_git": {
            "bzlFile": "@@rules_kotlin~//src/main/starlark/core/repositories:compiler.bzl",
            "ruleClassName": "kotlin_compiler_git_repository",
            "attributes": {
              "urls": [
                "https://github.com/JetBrains/kotlin/releases/download/v1.9.23/kotlin-compiler-1.9.23.zip"
              ],
              "sha256": "93137d3aab9afa9b27cb06a824c2324195c6b6f6179d8a8653f440f5bd58be88"
            }
          },
          "com_github_google_ksp": {
            "bzlFile": "@@rules_kotlin~//src/main/starlark/core/repositories:ksp.bzl",
            "ruleClassName": "ksp_compiler_plugin_repository",
            "attributes": {
              "urls": [
                "https://github.com/google/ksp/releases/download/1.9.23-1.0.20/artifacts.zip"
              ],
              "sha256": "ee0618755913ef7fd6511288a232e8fad24838b9af6ea73972a76e81053c8c2d",
              "strip_version": "1.9.23-1.0.20"
            }
          }
        },
        "recordedRepoMappingEntries": [
          [
            "rules_kotlin~",
            "bazel_tools",
            "bazel_tools"
          ]
        ]
      }
    },
    "@@rules_python~//python/extensions:python.bzl%python": {
      "general": {
        "bzlTransitiveDigest": "XaaZIw4dO4l6naftU5IBdrfCE1mOmelaT/Sq9uyBnhs=",
        "usagesDigest": "9rlrm2M/kJEEPWIo3UEIjkAFxHjzsbMIAFR9yrYnKsQ=",
        "recordedFileInputs": {},
        "recordedDirentsInputs": {},
        "envVariables": {},
        "generatedRepoSpecs": {
          "python_aliases": {
            "bzlFile": "@@rules_python~//python/private:toolchains_repo.bzl",
            "ruleClassName": "multi_toolchain_aliases",
            "attributes": {
              "python_versions": {
                "3.11": "python_3_11"
              }
            }
          },
          "python_3_11": {
            "bzlFile": "@@rules_python~//python/private:toolchains_repo.bzl",
            "ruleClassName": "toolchain_aliases",
            "attributes": {
              "python_version": "3.11.1",
              "user_repository_name": "python_3_11"
            }
          },
          "python_3_11_aarch64-unknown-linux-gnu": {
            "bzlFile": "@@rules_python~//python:repositories.bzl",
            "ruleClassName": "python_repository",
            "attributes": {
              "sha256": "debf15783bdcb5530504f533d33fda75a7b905cec5361ae8f33da5ba6599f8b4",
              "patches": [],
              "platform": "aarch64-unknown-linux-gnu",
              "python_version": "3.11.1",
              "release_filename": "20230116/cpython-3.11.1+20230116-aarch64-unknown-linux-gnu-install_only.tar.gz",
              "urls": [
                "https://github.com/indygreg/python-build-standalone/releases/download/20230116/cpython-3.11.1+20230116-aarch64-unknown-linux-gnu-install_only.tar.gz"
              ],
              "distutils_content": "",
              "strip_prefix": "python",
              "ignore_root_user_error": false
            }
          },
          "python_3_11_aarch64-apple-darwin": {
            "bzlFile": "@@rules_python~//python:repositories.bzl",
            "ruleClassName": "python_repository",
            "attributes": {
              "sha256": "4918cdf1cab742a90f85318f88b8122aeaa2d04705803c7b6e78e81a3dd40f80",
              "patches": [],
              "platform": "aarch64-apple-darwin",
              "python_version": "3.11.1",
              "release_filename": "20230116/cpython-3.11.1+20230116-aarch64-apple-darwin-install_only.tar.gz",
              "urls": [
                "https://github.com/indygreg/python-build-standalone/releases/download/20230116/cpython-3.11.1+20230116-aarch64-apple-darwin-install_only.tar.gz"
              ],
              "distutils_content": "",
              "strip_prefix": "python",
              "ignore_root_user_error": false
            }
          },
          "python_3_11_x86_64-apple-darwin": {
            "bzlFile": "@@rules_python~//python:repositories.bzl",
            "ruleClassName": "python_repository",
            "attributes": {
              "sha256": "20a4203d069dc9b710f70b09e7da2ce6f473d6b1110f9535fb6f4c469ed54733",
              "patches": [],
              "platform": "x86_64-apple-darwin",
              "python_version": "3.11.1",
              "release_filename": "20230116/cpython-3.11.1+20230116-x86_64-apple-darwin-install_only.tar.gz",
              "urls": [
                "https://github.com/indygreg/python-build-standalone/releases/download/20230116/cpython-3.11.1+20230116-x86_64-apple-darwin-install_only.tar.gz"
              ],
              "distutils_content": "",
              "strip_prefix": "python",
              "ignore_root_user_error": false
            }
          },
          "pythons_hub": {
            "bzlFile": "@@rules_python~//python/extensions/private:pythons_hub.bzl",
            "ruleClassName": "hub_repo",
            "attributes": {
              "toolchain_prefixes": [
                "_0000_python_3_11_"
              ],
              "toolchain_python_versions": [
                "3.11"
              ],
              "toolchain_set_python_version_constraints": [
                "False"
              ],
              "toolchain_user_repository_names": [
                "python_3_11"
              ]
            }
          },
          "python_3_11_x86_64-pc-windows-msvc": {
            "bzlFile": "@@rules_python~//python:repositories.bzl",
            "ruleClassName": "python_repository",
            "attributes": {
              "sha256": "edc08979cb0666a597466176511529c049a6f0bba8adf70df441708f766de5bf",
              "patches": [],
              "platform": "x86_64-pc-windows-msvc",
              "python_version": "3.11.1",
              "release_filename": "20230116/cpython-3.11.1+20230116-x86_64-pc-windows-msvc-shared-install_only.tar.gz",
              "urls": [
                "https://github.com/indygreg/python-build-standalone/releases/download/20230116/cpython-3.11.1+20230116-x86_64-pc-windows-msvc-shared-install_only.tar.gz"
              ],
              "distutils_content": "",
              "strip_prefix": "python",
              "ignore_root_user_error": false
            }
          },
          "python_3_11_x86_64-unknown-linux-gnu": {
            "bzlFile": "@@rules_python~//python:repositories.bzl",
            "ruleClassName": "python_repository",
            "attributes": {
              "sha256": "02a551fefab3750effd0e156c25446547c238688a32fabde2995c941c03a6423",
              "patches": [],
              "platform": "x86_64-unknown-linux-gnu",
              "python_version": "3.11.1",
              "release_filename": "20230116/cpython-3.11.1+20230116-x86_64-unknown-linux-gnu-install_only.tar.gz",
              "urls": [
                "https://github.com/indygreg/python-build-standalone/releases/download/20230116/cpython-3.11.1+20230116-x86_64-unknown-linux-gnu-install_only.tar.gz"
              ],
              "distutils_content": "",
              "strip_prefix": "python",
              "ignore_root_user_error": false
            }
          }
        },
        "recordedRepoMappingEntries": [
          [
            "rules_python~",
            "bazel_tools",
            "bazel_tools"
          ]
        ]
      }
    }
  }
}
